// !$*UTF8*$!
{
	archiveVersion = 1;
	classes = {
	};
	objectVersion = 46;
	objects = {

/* Begin PBXBuildFile section */
		382CCBC31590491E00891178 /* UIKit.framework in Frameworks */ = {isa = PBXBuildFile; fileRef = 382CCBC21590491E00891178 /* UIKit.framework */; };
		382CCBC51590491E00891178 /* Foundation.framework in Frameworks */ = {isa = PBXBuildFile; fileRef = 382CCBC41590491E00891178 /* Foundation.framework */; };
		382CCBC71590491E00891178 /* CoreGraphics.framework in Frameworks */ = {isa = PBXBuildFile; fileRef = 382CCBC61590491E00891178 /* CoreGraphics.framework */; };
		382CCBCD1590491E00891178 /* InfoPlist.strings in Resources */ = {isa = PBXBuildFile; fileRef = 382CCBCB1590491E00891178 /* InfoPlist.strings */; };
		382CCBCF1590491F00891178 /* main.m in Sources */ = {isa = PBXBuildFile; fileRef = 382CCBCE1590491F00891178 /* main.m */; };
		382CCBD31590491F00891178 /* AppDelegate.m in Sources */ = {isa = PBXBuildFile; fileRef = 382CCBD21590491F00891178 /* AppDelegate.m */; };
		382CCBD61590491F00891178 /* MainStoryboard.storyboard in Resources */ = {isa = PBXBuildFile; fileRef = 382CCBD41590491F00891178 /* MainStoryboard.storyboard */; };
		382CCBE11590492000891178 /* SenTestingKit.framework in Frameworks */ = {isa = PBXBuildFile; fileRef = 382CCBE01590492000891178 /* SenTestingKit.framework */; };
		382CCBE21590492000891178 /* UIKit.framework in Frameworks */ = {isa = PBXBuildFile; fileRef = 382CCBC21590491E00891178 /* UIKit.framework */; };
		382CCBE31590492000891178 /* Foundation.framework in Frameworks */ = {isa = PBXBuildFile; fileRef = 382CCBC41590491E00891178 /* Foundation.framework */; };
		382CCBEB1590492000891178 /* InfoPlist.strings in Resources */ = {isa = PBXBuildFile; fileRef = 382CCBE91590492000891178 /* InfoPlist.strings */; };
		382CCBEE1590492000891178 /* FOFTests.m in Sources */ = {isa = PBXBuildFile; fileRef = 382CCBED1590492000891178 /* FOFTests.m */; };
		38606A5F1593F11200C00A75 /* sql_handler.m in Sources */ = {isa = PBXBuildFile; fileRef = 38606A5E1593F11200C00A75 /* sql_handler.m */; };
		38606A621593F33000C00A75 /* libsqlite3.0.dylib in Frameworks */ = {isa = PBXBuildFile; fileRef = 38606A611593F33000C00A75 /* libsqlite3.0.dylib */; };
		38EC19691593DA7B00A96E30 /* login_viewcontroller.m in Sources */ = {isa = PBXBuildFile; fileRef = 38EC19681593DA7B00A96E30 /* login_viewcontroller.m */; };
		38EC196D1593DAD700A96E30 /* question_generation_viewcontroller.m in Sources */ = {isa = PBXBuildFile; fileRef = 38EC196C1593DAD700A96E30 /* question_generation_viewcontroller.m */; };
		38EC19711593DB3400A96E30 /* friends_list_viewcontroller.m in Sources */ = {isa = PBXBuildFile; fileRef = 38EC19701593DB3400A96E30 /* friends_list_viewcontroller.m */; };
/* End PBXBuildFile section */

/* Begin PBXContainerItemProxy section */
		382CCBE41590492000891178 /* PBXContainerItemProxy */ = {
			isa = PBXContainerItemProxy;
			containerPortal = 382CCBB51590491E00891178 /* Project object */;
			proxyType = 1;
			remoteGlobalIDString = 382CCBBD1590491E00891178;
			remoteInfo = FOF;
		};
/* End PBXContainerItemProxy section */

/* Begin PBXFileReference section */
		382CCBBE1590491E00891178 /* FOF.app */ = {isa = PBXFileReference; explicitFileType = wrapper.application; includeInIndex = 0; path = FOF.app; sourceTree = BUILT_PRODUCTS_DIR; };
		382CCBC21590491E00891178 /* UIKit.framework */ = {isa = PBXFileReference; lastKnownFileType = wrapper.framework; name = UIKit.framework; path = System/Library/Frameworks/UIKit.framework; sourceTree = SDKROOT; };
		382CCBC41590491E00891178 /* Foundation.framework */ = {isa = PBXFileReference; lastKnownFileType = wrapper.framework; name = Foundation.framework; path = System/Library/Frameworks/Foundation.framework; sourceTree = SDKROOT; };
		382CCBC61590491E00891178 /* CoreGraphics.framework */ = {isa = PBXFileReference; lastKnownFileType = wrapper.framework; name = CoreGraphics.framework; path = System/Library/Frameworks/CoreGraphics.framework; sourceTree = SDKROOT; };
		382CCBCA1590491E00891178 /* FOF-Info.plist */ = {isa = PBXFileReference; lastKnownFileType = text.plist.xml; path = "FOF-Info.plist"; sourceTree = "<group>"; };
		382CCBCC1590491E00891178 /* en */ = {isa = PBXFileReference; lastKnownFileType = text.plist.strings; name = en; path = en.lproj/InfoPlist.strings; sourceTree = "<group>"; };
		382CCBCE1590491F00891178 /* main.m */ = {isa = PBXFileReference; lastKnownFileType = sourcecode.c.objc; path = main.m; sourceTree = "<group>"; };
		382CCBD01590491F00891178 /* FOF-Prefix.pch */ = {isa = PBXFileReference; lastKnownFileType = sourcecode.c.h; path = "FOF-Prefix.pch"; sourceTree = "<group>"; };
		382CCBD11590491F00891178 /* AppDelegate.h */ = {isa = PBXFileReference; lastKnownFileType = sourcecode.c.h; path = AppDelegate.h; sourceTree = "<group>"; };
		382CCBD21590491F00891178 /* AppDelegate.m */ = {isa = PBXFileReference; lastKnownFileType = sourcecode.c.objc; path = AppDelegate.m; sourceTree = "<group>"; };
		382CCBD51590491F00891178 /* en */ = {isa = PBXFileReference; lastKnownFileType = file.storyboard; name = en; path = en.lproj/MainStoryboard.storyboard; sourceTree = "<group>"; };
		382CCBDF1590492000891178 /* FOFTests.octest */ = {isa = PBXFileReference; explicitFileType = wrapper.cfbundle; includeInIndex = 0; path = FOFTests.octest; sourceTree = BUILT_PRODUCTS_DIR; };
		382CCBE01590492000891178 /* SenTestingKit.framework */ = {isa = PBXFileReference; lastKnownFileType = wrapper.framework; name = SenTestingKit.framework; path = Library/Frameworks/SenTestingKit.framework; sourceTree = DEVELOPER_DIR; };
		382CCBE81590492000891178 /* FOFTests-Info.plist */ = {isa = PBXFileReference; lastKnownFileType = text.plist.xml; path = "FOFTests-Info.plist"; sourceTree = "<group>"; };
		382CCBEA1590492000891178 /* en */ = {isa = PBXFileReference; lastKnownFileType = text.plist.strings; name = en; path = en.lproj/InfoPlist.strings; sourceTree = "<group>"; };
		382CCBEC1590492000891178 /* FOFTests.h */ = {isa = PBXFileReference; lastKnownFileType = sourcecode.c.h; path = FOFTests.h; sourceTree = "<group>"; };
		382CCBED1590492000891178 /* FOFTests.m */ = {isa = PBXFileReference; lastKnownFileType = sourcecode.c.objc; path = FOFTests.m; sourceTree = "<group>"; };
		38606A5D1593F11200C00A75 /* sql_handler.h */ = {isa = PBXFileReference; fileEncoding = 4; lastKnownFileType = sourcecode.c.h; path = sql_handler.h; sourceTree = "<group>"; };
		38606A5E1593F11200C00A75 /* sql_handler.m */ = {isa = PBXFileReference; fileEncoding = 4; lastKnownFileType = sourcecode.c.objc; path = sql_handler.m; sourceTree = "<group>"; };
		38606A611593F33000C00A75 /* libsqlite3.0.dylib */ = {isa = PBXFileReference; lastKnownFileType = "compiled.mach-o.dylib"; name = libsqlite3.0.dylib; path = usr/lib/libsqlite3.0.dylib; sourceTree = SDKROOT; };
		38EC19671593DA7B00A96E30 /* login_viewcontroller.h */ = {isa = PBXFileReference; fileEncoding = 4; lastKnownFileType = sourcecode.c.h; path = login_viewcontroller.h; sourceTree = "<group>"; };
		38EC19681593DA7B00A96E30 /* login_viewcontroller.m */ = {isa = PBXFileReference; fileEncoding = 4; lastKnownFileType = sourcecode.c.objc; path = login_viewcontroller.m; sourceTree = "<group>"; };
		38EC196B1593DAD700A96E30 /* question_generation_viewcontroller.h */ = {isa = PBXFileReference; fileEncoding = 4; lastKnownFileType = sourcecode.c.h; path = question_generation_viewcontroller.h; sourceTree = "<group>"; };
		38EC196C1593DAD700A96E30 /* question_generation_viewcontroller.m */ = {isa = PBXFileReference; fileEncoding = 4; lastKnownFileType = sourcecode.c.objc; path = question_generation_viewcontroller.m; sourceTree = "<group>"; };
		38EC196F1593DB3400A96E30 /* friends_list_viewcontroller.h */ = {isa = PBXFileReference; fileEncoding = 4; lastKnownFileType = sourcecode.c.h; path = friends_list_viewcontroller.h; sourceTree = "<group>"; };
		38EC19701593DB3400A96E30 /* friends_list_viewcontroller.m */ = {isa = PBXFileReference; fileEncoding = 4; lastKnownFileType = sourcecode.c.objc; path = friends_list_viewcontroller.m; sourceTree = "<group>"; };
/* End PBXFileReference section */

/* Begin PBXFrameworksBuildPhase section */
		382CCBBB1590491E00891178 /* Frameworks */ = {
			isa = PBXFrameworksBuildPhase;
			buildActionMask = 2147483647;
			files = (
				382CCBC31590491E00891178 /* UIKit.framework in Frameworks */,
				382CCBC51590491E00891178 /* Foundation.framework in Frameworks */,
				382CCBC71590491E00891178 /* CoreGraphics.framework in Frameworks */,
				38606A621593F33000C00A75 /* libsqlite3.0.dylib in Frameworks */,
			);
			runOnlyForDeploymentPostprocessing = 0;
		};
		382CCBDB1590492000891178 /* Frameworks */ = {
			isa = PBXFrameworksBuildPhase;
			buildActionMask = 2147483647;
			files = (
				382CCBE11590492000891178 /* SenTestingKit.framework in Frameworks */,
				382CCBE21590492000891178 /* UIKit.framework in Frameworks */,
				382CCBE31590492000891178 /* Foundation.framework in Frameworks */,
			);
			runOnlyForDeploymentPostprocessing = 0;
		};
/* End PBXFrameworksBuildPhase section */

/* Begin PBXGroup section */
		382CCBB31590491E00891178 = {
			isa = PBXGroup;
			children = (
				382CCBC81590491E00891178 /* FOF */,
				382CCBE61590492000891178 /* FOFTests */,
				382CCBC11590491E00891178 /* Frameworks */,
				382CCBBF1590491E00891178 /* Products */,
			);
			sourceTree = "<group>";
		};
		382CCBBF1590491E00891178 /* Products */ = {
			isa = PBXGroup;
			children = (
				382CCBBE1590491E00891178 /* FOF.app */,
				382CCBDF1590492000891178 /* FOFTests.octest */,
			);
			name = Products;
			sourceTree = "<group>";
		};
		382CCBC11590491E00891178 /* Frameworks */ = {
			isa = PBXGroup;
			children = (
				382CCBC21590491E00891178 /* UIKit.framework */,
				382CCBC41590491E00891178 /* Foundation.framework */,
				382CCBC61590491E00891178 /* CoreGraphics.framework */,
				382CCBE01590492000891178 /* SenTestingKit.framework */,
			);
			name = Frameworks;
			sourceTree = "<group>";
		};
		382CCBC81590491E00891178 /* FOF */ = {
			isa = PBXGroup;
			children = (
				382CCBD41590491F00891178 /* MainStoryboard.storyboard */,
				38606A601593F11600C00A75 /* SQL */,
				38EC196A1593DA7F00A96E30 /* Log In VC */,
				38EC196E1593DADB00A96E30 /* Question Gen VC */,
				38EC19721593DB3700A96E30 /* Friends List VC */,
				38EC19661593DA4900A96E30 /* Main Delegate */,
				382CCBC91590491E00891178 /* Supporting Files */,
			);
			path = FOF;
			sourceTree = "<group>";
		};
		382CCBC91590491E00891178 /* Supporting Files */ = {
			isa = PBXGroup;
			children = (
				382CCBCA1590491E00891178 /* FOF-Info.plist */,
				382CCBCB1590491E00891178 /* InfoPlist.strings */,
				382CCBCE1590491F00891178 /* main.m */,
				382CCBD01590491F00891178 /* FOF-Prefix.pch */,
			);
			name = "Supporting Files";
			sourceTree = "<group>";
		};
		382CCBE61590492000891178 /* FOFTests */ = {
			isa = PBXGroup;
			children = (
				382CCBEC1590492000891178 /* FOFTests.h */,
				382CCBED1590492000891178 /* FOFTests.m */,
				382CCBE71590492000891178 /* Supporting Files */,
			);
			path = FOFTests;
			sourceTree = "<group>";
		};
		382CCBE71590492000891178 /* Supporting Files */ = {
			isa = PBXGroup;
			children = (
				382CCBE81590492000891178 /* FOFTests-Info.plist */,
				382CCBE91590492000891178 /* InfoPlist.strings */,
			);
			name = "Supporting Files";
			sourceTree = "<group>";
		};
		38606A601593F11600C00A75 /* SQL */ = {
			isa = PBXGroup;
			children = (
				38606A5D1593F11200C00A75 /* sql_handler.h */,
				38606A5E1593F11200C00A75 /* sql_handler.m */,
				38606A611593F33000C00A75 /* libsqlite3.0.dylib */,
			);
			name = SQL;
			path = ..;
			sourceTree = "<group>";
		};
		38EC19661593DA4900A96E30 /* Main Delegate */ = {
			isa = PBXGroup;
			children = (
				382CCBD11590491F00891178 /* AppDelegate.h */,
				382CCBD21590491F00891178 /* AppDelegate.m */,
			);
			name = "Main Delegate";
			sourceTree = "<group>";
		};
		38EC196A1593DA7F00A96E30 /* Log In VC */ = {
			isa = PBXGroup;
			children = (
				38EC19671593DA7B00A96E30 /* login_viewcontroller.h */,
				38EC19681593DA7B00A96E30 /* login_viewcontroller.m */,
			);
			name = "Log In VC";
			sourceTree = "<group>";
		};
		38EC196E1593DADB00A96E30 /* Question Gen VC */ = {
			isa = PBXGroup;
			children = (
				38EC196B1593DAD700A96E30 /* question_generation_viewcontroller.h */,
				38EC196C1593DAD700A96E30 /* question_generation_viewcontroller.m */,
			);
			name = "Question Gen VC";
			sourceTree = "<group>";
		};
		38EC19721593DB3700A96E30 /* Friends List VC */ = {
			isa = PBXGroup;
			children = (
				38EC196F1593DB3400A96E30 /* friends_list_viewcontroller.h */,
				38EC19701593DB3400A96E30 /* friends_list_viewcontroller.m */,
			);
			name = "Friends List VC";
			sourceTree = "<group>";
		};
/* End PBXGroup section */

/* Begin PBXNativeTarget section */
		382CCBBD1590491E00891178 /* FOF */ = {
			isa = PBXNativeTarget;
			buildConfigurationList = 382CCBF11590492000891178 /* Build configuration list for PBXNativeTarget "FOF" */;
			buildPhases = (
				382CCBBA1590491E00891178 /* Sources */,
				382CCBBB1590491E00891178 /* Frameworks */,
				382CCBBC1590491E00891178 /* Resources */,
			);
			buildRules = (
			);
			dependencies = (
			);
			name = FOF;
			productName = FOF;
			productReference = 382CCBBE1590491E00891178 /* FOF.app */;
			productType = "com.apple.product-type.application";
		};
		382CCBDE1590492000891178 /* FOFTests */ = {
			isa = PBXNativeTarget;
			buildConfigurationList = 382CCBF41590492000891178 /* Build configuration list for PBXNativeTarget "FOFTests" */;
			buildPhases = (
				382CCBDA1590492000891178 /* Sources */,
				382CCBDB1590492000891178 /* Frameworks */,
				382CCBDC1590492000891178 /* Resources */,
				382CCBDD1590492000891178 /* ShellScript */,
			);
			buildRules = (
			);
			dependencies = (
				382CCBE51590492000891178 /* PBXTargetDependency */,
			);
			name = FOFTests;
			productName = FOFTests;
			productReference = 382CCBDF1590492000891178 /* FOFTests.octest */;
			productType = "com.apple.product-type.bundle";
		};
/* End PBXNativeTarget section */

/* Begin PBXProject section */
		382CCBB51590491E00891178 /* Project object */ = {
			isa = PBXProject;
			attributes = {
				LastUpgradeCheck = 0430;
			};
			buildConfigurationList = 382CCBB81590491E00891178 /* Build configuration list for PBXProject "FOF" */;
			compatibilityVersion = "Xcode 3.2";
			developmentRegion = English;
			hasScannedForEncodings = 0;
			knownRegions = (
				en,
			);
			mainGroup = 382CCBB31590491E00891178;
			productRefGroup = 382CCBBF1590491E00891178 /* Products */;
			projectDirPath = "";
			projectRoot = "";
			targets = (
				382CCBBD1590491E00891178 /* FOF */,
				382CCBDE1590492000891178 /* FOFTests */,
			);
		};
/* End PBXProject section */

/* Begin PBXResourcesBuildPhase section */
		382CCBBC1590491E00891178 /* Resources */ = {
			isa = PBXResourcesBuildPhase;
			buildActionMask = 2147483647;
			files = (
				382CCBCD1590491E00891178 /* InfoPlist.strings in Resources */,
				382CCBD61590491F00891178 /* MainStoryboard.storyboard in Resources */,
			);
			runOnlyForDeploymentPostprocessing = 0;
		};
		382CCBDC1590492000891178 /* Resources */ = {
			isa = PBXResourcesBuildPhase;
			buildActionMask = 2147483647;
			files = (
				382CCBEB1590492000891178 /* InfoPlist.strings in Resources */,
			);
			runOnlyForDeploymentPostprocessing = 0;
		};
/* End PBXResourcesBuildPhase section */

/* Begin PBXShellScriptBuildPhase section */
		382CCBDD1590492000891178 /* ShellScript */ = {
			isa = PBXShellScriptBuildPhase;
			buildActionMask = 2147483647;
			files = (
			);
			inputPaths = (
			);
			outputPaths = (
			);
			runOnlyForDeploymentPostprocessing = 0;
			shellPath = /bin/sh;
			shellScript = "# Run the unit tests in this test bundle.\n\"${SYSTEM_DEVELOPER_DIR}/Tools/RunUnitTests\"\n";
		};
/* End PBXShellScriptBuildPhase section */

/* Begin PBXSourcesBuildPhase section */
		382CCBBA1590491E00891178 /* Sources */ = {
			isa = PBXSourcesBuildPhase;
			buildActionMask = 2147483647;
			files = (
				382CCBCF1590491F00891178 /* main.m in Sources */,
				382CCBD31590491F00891178 /* AppDelegate.m in Sources */,
				38EC19691593DA7B00A96E30 /* login_viewcontroller.m in Sources */,
				38EC196D1593DAD700A96E30 /* question_generation_viewcontroller.m in Sources */,
				38EC19711593DB3400A96E30 /* friends_list_viewcontroller.m in Sources */,
				38606A5F1593F11200C00A75 /* sql_handler.m in Sources */,
			);
			runOnlyForDeploymentPostprocessing = 0;
		};
		382CCBDA1590492000891178 /* Sources */ = {
			isa = PBXSourcesBuildPhase;
			buildActionMask = 2147483647;
			files = (
				382CCBEE1590492000891178 /* FOFTests.m in Sources */,
			);
			runOnlyForDeploymentPostprocessing = 0;
		};
/* End PBXSourcesBuildPhase section */

/* Begin PBXTargetDependency section */
		382CCBE51590492000891178 /* PBXTargetDependency */ = {
			isa = PBXTargetDependency;
			target = 382CCBBD1590491E00891178 /* FOF */;
			targetProxy = 382CCBE41590492000891178 /* PBXContainerItemProxy */;
		};
/* End PBXTargetDependency section */

/* Begin PBXVariantGroup section */
		382CCBCB1590491E00891178 /* InfoPlist.strings */ = {
			isa = PBXVariantGroup;
			children = (
				382CCBCC1590491E00891178 /* en */,
			);
			name = InfoPlist.strings;
			sourceTree = "<group>";
		};
		382CCBD41590491F00891178 /* MainStoryboard.storyboard */ = {
			isa = PBXVariantGroup;
			children = (
				382CCBD51590491F00891178 /* en */,
			);
			name = MainStoryboard.storyboard;
			sourceTree = "<group>";
		};
		382CCBE91590492000891178 /* InfoPlist.strings */ = {
			isa = PBXVariantGroup;
			children = (
				382CCBEA1590492000891178 /* en */,
			);
			name = InfoPlist.strings;
			sourceTree = "<group>";
		};
/* End PBXVariantGroup section */

/* Begin XCBuildConfiguration section */
		382CCBEF1590492000891178 /* Debug */ = {
			isa = XCBuildConfiguration;
			buildSettings = {
				ALWAYS_SEARCH_USER_PATHS = NO;
				ARCHS = "$(ARCHS_STANDARD_32_BIT)";
				CLANG_ENABLE_OBJC_ARC = YES;
				"CODE_SIGN_IDENTITY[sdk=iphoneos*]" = "iPhone Developer";
				COPY_PHASE_STRIP = NO;
				GCC_C_LANGUAGE_STANDARD = gnu99;
				GCC_DYNAMIC_NO_PIC = NO;
				GCC_OPTIMIZATION_LEVEL = 0;
				GCC_PREPROCESSOR_DEFINITIONS = (
					"DEBUG=1",
					"$(inherited)",
				);
				GCC_SYMBOLS_PRIVATE_EXTERN = NO;
				GCC_VERSION = com.apple.compilers.llvm.clang.1_0;
				GCC_WARN_ABOUT_RETURN_TYPE = YES;
				GCC_WARN_UNINITIALIZED_AUTOS = YES;
				GCC_WARN_UNUSED_VARIABLE = YES;
				IPHONEOS_DEPLOYMENT_TARGET = 5.1;
				SDKROOT = iphoneos;
			};
			name = Debug;
		};
		382CCBF01590492000891178 /* Release */ = {
			isa = XCBuildConfiguration;
			buildSettings = {
				ALWAYS_SEARCH_USER_PATHS = NO;
				ARCHS = "$(ARCHS_STANDARD_32_BIT)";
				CLANG_ENABLE_OBJC_ARC = YES;
				"CODE_SIGN_IDENTITY[sdk=iphoneos*]" = "iPhone Developer";
				COPY_PHASE_STRIP = YES;
				GCC_C_LANGUAGE_STANDARD = gnu99;
				GCC_VERSION = com.apple.compilers.llvm.clang.1_0;
				GCC_WARN_ABOUT_RETURN_TYPE = YES;
				GCC_WARN_UNINITIALIZED_AUTOS = YES;
				GCC_WARN_UNUSED_VARIABLE = YES;
				IPHONEOS_DEPLOYMENT_TARGET = 5.1;
				OTHER_CFLAGS = "-DNS_BLOCK_ASSERTIONS=1";
				SDKROOT = iphoneos;
				VALIDATE_PRODUCT = YES;
			};
			name = Release;
		};
		382CCBF21590492000891178 /* Debug */ = {
			isa = XCBuildConfiguration;
			buildSettings = {
				GCC_PRECOMPILE_PREFIX_HEADER = YES;
				GCC_PREFIX_HEADER = "FOF/FOF-Prefix.pch";
				INFOPLIST_FILE = "FOF/FOF-Info.plist";
				PRODUCT_NAME = "$(TARGET_NAME)";
				WRAPPER_EXTENSION = app;
			};
			name = Debug;
		};
		382CCBF31590492000891178 /* Release */ = {
			isa = XCBuildConfiguration;
			buildSettings = {
				GCC_PRECOMPILE_PREFIX_HEADER = YES;
				GCC_PREFIX_HEADER = "FOF/FOF-Prefix.pch";
				INFOPLIST_FILE = "FOF/FOF-Info.plist";
				PRODUCT_NAME = "$(TARGET_NAME)";
				WRAPPER_EXTENSION = app;
			};
			name = Release;
		};
		382CCBF51590492000891178 /* Debug */ = {
			isa = XCBuildConfiguration;
			buildSettings = {
				BUNDLE_LOADER = "$(BUILT_PRODUCTS_DIR)/FOF.app/FOF";
				FRAMEWORK_SEARCH_PATHS = (
					"$(SDKROOT)/Developer/Library/Frameworks",
					"$(DEVELOPER_LIBRARY_DIR)/Frameworks",
				);
				GCC_PRECOMPILE_PREFIX_HEADER = YES;
				GCC_PREFIX_HEADER = "FOF/FOF-Prefix.pch";
				INFOPLIST_FILE = "FOFTests/FOFTests-Info.plist";
				PRODUCT_NAME = "$(TARGET_NAME)";
				TEST_HOST = "$(BUNDLE_LOADER)";
				WRAPPER_EXTENSION = octest;
			};
			name = Debug;
		};
		382CCBF61590492000891178 /* Release */ = {
			isa = XCBuildConfiguration;
			buildSettings = {
				BUNDLE_LOADER = "$(BUILT_PRODUCTS_DIR)/FOF.app/FOF";
				FRAMEWORK_SEARCH_PATHS = (
					"$(SDKROOT)/Developer/Library/Frameworks",
					"$(DEVELOPER_LIBRARY_DIR)/Frameworks",
				);
				GCC_PRECOMPILE_PREFIX_HEADER = YES;
				GCC_PREFIX_HEADER = "FOF/FOF-Prefix.pch";
				INFOPLIST_FILE = "FOFTests/FOFTests-Info.plist";
				PRODUCT_NAME = "$(TARGET_NAME)";
				TEST_HOST = "$(BUNDLE_LOADER)";
				WRAPPER_EXTENSION = octest;
			};
			name = Release;
		};
/* End XCBuildConfiguration section */

/* Begin XCConfigurationList section */
		382CCBB81590491E00891178 /* Build configuration list for PBXProject "FOF" */ = {
			isa = XCConfigurationList;
			buildConfigurations = (
				382CCBEF1590492000891178 /* Debug */,
				382CCBF01590492000891178 /* Release */,
			);
			defaultConfigurationIsVisible = 0;
			defaultConfigurationName = Release;
		};
		382CCBF11590492000891178 /* Build configuration list for PBXNativeTarget "FOF" */ = {
			isa = XCConfigurationList;
			buildConfigurations = (
				382CCBF21590492000891178 /* Debug */,
				382CCBF31590492000891178 /* Release */,
			);
			defaultConfigurationIsVisible = 0;
			defaultConfigurationName = Release;
		};
		382CCBF41590492000891178 /* Build configuration list for PBXNativeTarget "FOFTests" */ = {
			isa = XCConfigurationList;
			buildConfigurations = (
				382CCBF51590492000891178 /* Debug */,
				382CCBF61590492000891178 /* Release */,
			);
			defaultConfigurationIsVisible = 0;
			defaultConfigurationName = Release;
		};
/* End XCConfigurationList section */
	};
	rootObject = 382CCBB51590491E00891178 /* Project object */;
}
